// !$*UTF8*$!
{
	archiveVersion = 1;
	classes = {
	};
	objectVersion = 46;
	objects = {

/* Begin PBXBuildFile section */
		10519C291CEEE8AB00E52691 /* main.m in Sources */ = {isa = PBXBuildFile; fileRef = 10519C281CEEE8AB00E52691 /* main.m */; };
		10519C2C1CEEE8AB00E52691 /* AppDelegate.m in Sources */ = {isa = PBXBuildFile; fileRef = 10519C2B1CEEE8AB00E52691 /* AppDelegate.m */; };
		10519C2F1CEEE8AB00E52691 /* ViewController.m in Sources */ = {isa = PBXBuildFile; fileRef = 10519C2E1CEEE8AB00E52691 /* ViewController.m */; };
		10519C321CEEE8AB00E52691 /* Main.storyboard in Resources */ = {isa = PBXBuildFile; fileRef = 10519C301CEEE8AB00E52691 /* Main.storyboard */; };
		10519C341CEEE8AB00E52691 /* Assets.xcassets in Resources */ = {isa = PBXBuildFile; fileRef = 10519C331CEEE8AB00E52691 /* Assets.xcassets */; };
		10519C371CEEE8AB00E52691 /* LaunchScreen.storyboard in Resources */ = {isa = PBXBuildFile; fileRef = 10519C351CEEE8AB00E52691 /* LaunchScreen.storyboard */; };
/* End PBXBuildFile section */

/* Begin PBXFileReference section */
		10519C241CEEE8AA00E52691 /* fotoplace.app */ = {isa = PBXFileReference; explicitFileType = wrapper.application; includeInIndex = 0; path = fotoplace.app; sourceTree = BUILT_PRODUCTS_DIR; };
		10519C281CEEE8AB00E52691 /* main.m */ = {isa = PBXFileReference; lastKnownFileType = sourcecode.c.objc; path = main.m; sourceTree = "<group>"; };
		10519C2A1CEEE8AB00E52691 /* AppDelegate.h */ = {isa = PBXFileReference; lastKnownFileType = sourcecode.c.h; path = AppDelegate.h; sourceTree = "<group>"; };
		10519C2B1CEEE8AB00E52691 /* AppDelegate.m */ = {isa = PBXFileReference; lastKnownFileType = sourcecode.c.objc; path = AppDelegate.m; sourceTree = "<group>"; };
		10519C2D1CEEE8AB00E52691 /* ViewController.h */ = {isa = PBXFileReference; lastKnownFileType = sourcecode.c.h; path = ViewController.h; sourceTree = "<group>"; };
		10519C2E1CEEE8AB00E52691 /* ViewController.m */ = {isa = PBXFileReference; lastKnownFileType = sourcecode.c.objc; path = ViewController.m; sourceTree = "<group>"; };
		10519C311CEEE8AB00E52691 /* Base */ = {isa = PBXFileReference; lastKnownFileType = file.storyboard; name = Base; path = Base.lproj/Main.storyboard; sourceTree = "<group>"; };
		10519C331CEEE8AB00E52691 /* Assets.xcassets */ = {isa = PBXFileReference; lastKnownFileType = folder.assetcatalog; path = Assets.xcassets; sourceTree = "<group>"; };
		10519C361CEEE8AB00E52691 /* Base */ = {isa = PBXFileReference; lastKnownFileType = file.storyboard; name = Base; path = Base.lproj/LaunchScreen.storyboard; sourceTree = "<group>"; };
		10519C381CEEE8AB00E52691 /* Info.plist */ = {isa = PBXFileReference; lastKnownFileType = text.plist.xml; path = Info.plist; sourceTree = "<group>"; };
/* End PBXFileReference section */

/* Begin PBXFrameworksBuildPhase section */
		10519C211CEEE8AA00E52691 /* Frameworks */ = {
			isa = PBXFrameworksBuildPhase;
			buildActionMask = 2147483647;
			files = (
			);
			runOnlyForDeploymentPostprocessing = 0;
		};
/* End PBXFrameworksBuildPhase section */

/* Begin PBXGroup section */
		10519C1B1CEEE8AA00E52691 = {
			isa = PBXGroup;
			children = (
				10519C261CEEE8AB00E52691 /* fotoplace */,
				10519C251CEEE8AA00E52691 /* Products */,
			);
			sourceTree = "<group>";
		};
		10519C251CEEE8AA00E52691 /* Products */ = {
			isa = PBXGroup;
			children = (
				10519C241CEEE8AA00E52691 /* fotoplace.app */,
			);
			name = Products;
			sourceTree = "<group>";
		};
		10519C261CEEE8AB00E52691 /* fotoplace */ = {
			isa = PBXGroup;
			children = (
				10519C2A1CEEE8AB00E52691 /* AppDelegate.h */,
				10519C2B1CEEE8AB00E52691 /* AppDelegate.m */,
				10519C2D1CEEE8AB00E52691 /* ViewController.h */,
				10519C2E1CEEE8AB00E52691 /* ViewController.m */,
				10519C301CEEE8AB00E52691 /* Main.storyboard */,
				10519C331CEEE8AB00E52691 /* Assets.xcassets */,
				10519C351CEEE8AB00E52691 /* LaunchScreen.storyboard */,
				10519C381CEEE8AB00E52691 /* Info.plist */,
				10519C271CEEE8AB00E52691 /* Supporting Files */,
			);
			path = fotoplace;
			sourceTree = "<group>";
		};
		10519C271CEEE8AB00E52691 /* Supporting Files */ = {
			isa = PBXGroup;
			children = (
				10519C281CEEE8AB00E52691 /* main.m */,
			);
			name = "Supporting Files";
			sourceTree = "<group>";
		};
/* End PBXGroup section */

/* Begin PBXNativeTarget section */
		10519C231CEEE8AA00E52691 /* fotoplace */ = {
			isa = PBXNativeTarget;
			buildConfigurationList = 10519C3B1CEEE8AB00E52691 /* Build configuration list for PBXNativeTarget "fotoplace" */;
			buildPhases = (
				10519C201CEEE8AA00E52691 /* Sources */,
				10519C211CEEE8AA00E52691 /* Frameworks */,
				10519C221CEEE8AA00E52691 /* Resources */,
			);
			buildRules = (
			);
			dependencies = (
			);
			name = fotoplace;
			productName = fotoplace;
			productReference = 10519C241CEEE8AA00E52691 /* fotoplace.app */;
			productType = "com.apple.product-type.application";
		};
/* End PBXNativeTarget section */

/* Begin PBXProject section */
		10519C1C1CEEE8AA00E52691 /* Project object */ = {
			isa = PBXProject;
			attributes = {
				LastUpgradeCheck = 0730;
				ORGANIZATIONNAME = MBP;
				TargetAttributes = {
					10519C231CEEE8AA00E52691 = {
						CreatedOnToolsVersion = 7.3.1;
					};
				};
			};
			buildConfigurationList = 10519C1F1CEEE8AA00E52691 /* Build configuration list for PBXProject "fotoplace" */;
			compatibilityVersion = "Xcode 3.2";
			developmentRegion = English;
			hasScannedForEncodings = 0;
			knownRegions = (
				en,
				Base,
			);
			mainGroup = 10519C1B1CEEE8AA00E52691;
			productRefGroup = 10519C251CEEE8AA00E52691 /* Products */;
			projectDirPath = "";
			projectRoot = "";
			targets = (
				10519C231CEEE8AA00E52691 /* fotoplace */,
			);
		};
/* End PBXProject section */

/* Begin PBXResourcesBuildPhase section */
		10519C221CEEE8AA00E52691 /* Resources */ = {
			isa = PBXResourcesBuildPhase;
			buildActionMask = 2147483647;
			files = (
				10519C371CEEE8AB00E52691 /* LaunchScreen.storyboard in Resources */,
				10519C341CEEE8AB00E52691 /* Assets.xcassets in Resources */,
				10519C321CEEE8AB00E52691 /* Main.storyboard in Resources */,
			);
			runOnlyForDeploymentPostprocessing = 0;
		};
/* End PBXResourcesBuildPhase section */

/* Begin PBXSourcesBuildPhase section */
		10519C201CEEE8AA00E52691 /* Sources */ = {
			isa = PBXSourcesBuildPhase;
			buildActionMask = 2147483647;
			files = (
				10519C2F1CEEE8AB00E52691 /* ViewController.m in Sources */,
				10519C2C1CEEE8AB00E52691 /* AppDelegate.m in Sources */,
				10519C291CEEE8AB00E52691 /* main.m in Sources */,
			);
			runOnlyForDeploymentPostprocessing = 0;
		};
/* End PBXSourcesBuildPhase section */

/* Begin PBXVariantGroup section */
		10519C301CEEE8AB00E52691 /* Main.storyboard */ = {
			isa = PBXVariantGroup;
			children = (
				10519C311CEEE8AB00E52691 /* Base */,
			);
			name = Main.storyboard;
			sourceTree = "<group>";
		};
		10519C351CEEE8AB00E52691 /* LaunchScreen.storyboard */ = {
			isa = PBXVariantGroup;
			children = (
				10519C361CEEE8AB00E52691 /* Base */,
			);
			name = LaunchScreen.storyboard;
			sourceTree = "<group>";
		};
/* End PBXVariantGroup section */

/* Begin XCBuildConfiguration section */
		10519C391CEEE8AB00E52691 /* Debug */ = {
			isa = XCBuildConfiguration;
			buildSettings = {
				ALWAYS_SEARCH_USER_PATHS = NO;
				CLANG_ANALYZER_NONNULL = YES;
				CLANG_CXX_LANGUAGE_STANDARD = "gnu++0x";
				CLANG_CXX_LIBRARY = "libc++";
				CLANG_ENABLE_MODULES = YES;
				CLANG_ENABLE_OBJC_ARC = YES;
				CLANG_WARN_BOOL_CONVERSION = YES;
				CLANG_WARN_CONSTANT_CONVERSION = YES;
				CLANG_WARN_DIRECT_OBJC_ISA_USAGE = YES_ERROR;
				CLANG_WARN_EMPTY_BODY = YES;
				CLANG_WARN_ENUM_CONVERSION = YES;
				CLANG_WARN_INT_CONVERSION = YES;
				CLANG_WARN_OBJC_ROOT_CLASS = YES_ERROR;
				CLANG_WARN_UNREACHABLE_CODE = YES;
				CLANG_WARN__DUPLICATE_METHOD_MATCH = YES;
				"CODE_SIGN_IDENTITY[sdk=iphoneos*]" = "iPhone Developer";
				COPY_PHASE_STRIP = NO;
				DEBUG_INFORMATION_FORMAT = dwarf;
				ENABLE_STRICT_OBJC_MSGSEND = YES;
				ENABLE_TESTABILITY = YES;
				GCC_C_LANGUAGE_STANDARD = gnu99;
				GCC_DYNAMIC_NO_PIC = NO;
				GCC_NO_COMMON_BLOCKS = YES;
				GCC_OPTIMIZATION_LEVEL = 0;
				GCC_PREPROCESSOR_DEFINITIONS = (
					"DEBUG=1",
					"$(inherited)",
				);
				GCC_WARN_64_TO_32_BIT_CONVERSION = YES;
				GCC_WARN_ABOUT_RETURN_TYPE = YES_ERROR;
				GCC_WARN_UNDECLARED_SELECTOR = YES;
				GCC_WARN_UNINITIALIZED_AUTOS = YES_AGGRESSIVE;
				GCC_WARN_UNUSED_FUNCTION = YES;
				GCC_WARN_UNUSED_VARIABLE = YES;
				IPHONEOS_DEPLOYMENT_TARGET = 9.3;
				MTL_ENABLE_DEBUG_INFO = YES;
				ONLY_ACTIVE_ARCH = YES;
				SDKROOT = iphoneos;
				TARGETED_DEVICE_FAMILY = "1,2";
			};
			name = Debug;
		};
		10519C3A1CEEE8AB00E52691 /* Release */ = {
			isa = XCBuildConfiguration;
			buildSettings = {
				ALWAYS_SEARCH_USER_PATHS = NO;
				CLANG_ANALYZER_NONNULL = YES;
				CLANG_CXX_LANGUAGE_STANDARD = "gnu++0x";
				CLANG_CXX_LIBRARY = "libc++";
				CLANG_ENABLE_MODULES = YES;
				CLANG_ENABLE_OBJC_ARC = YES;
				CLANG_WARN_BOOL_CONVERSION = YES;
				CLANG_WARN_CONSTANT_CONVERSION = YES;
				CLANG_WARN_DIRECT_OBJC_ISA_USAGE = YES_ERROR;
				CLANG_WARN_EMPTY_BODY = YES;
				CLANG_WARN_ENUM_CONVERSION = YES;
				CLANG_WARN_INT_CONVERSION = YES;
				CLANG_WARN_OBJC_ROOT_CLASS = YES_ERROR;
				CLANG_WARN_UNREACHABLE_CODE = YES;
				CLANG_WARN__DUPLICATE_METHOD_MATCH = YES;
				"CODE_SIGN_IDENTITY[sdk=iphoneos*]" = "iPhone Developer";
				COPY_PHASE_STRIP = NO;
				DEBUG_INFORMATION_FORMAT = "dwarf-with-dsym";
				ENABLE_NS_ASSERTIONS = NO;
				ENABLE_STRICT_OBJC_MSGSEND = YES;
				GCC_C_LANGUAGE_STANDARD = gnu99;
				GCC_NO_COMMON_BLOCKS = YES;
				GCC_WARN_64_TO_32_BIT_CONVERSION = YES;
				GCC_WARN_ABOUT_RETURN_TYPE = YES_ERROR;
				GCC_WARN_UNDECLARED_SELECTOR = YES;
				GCC_WARN_UNINITIALIZED_AUTOS = YES_AGGRESSIVE;
				GCC_WARN_UNUSED_FUNCTION = YES;
				GCC_WARN_UNUSED_VARIABLE = YES;
				IPHONEOS_DEPLOYMENT_TARGET = 9.3;
				MTL_ENABLE_DEBUG_INFO = NO;
				SDKROOT = iphoneos;
				TARGETED_DEVICE_FAMILY = "1,2";
				VALIDATE_PRODUCT = YES;
			};
			name = Release;
		};
		10519C3C1CEEE8AB00E52691 /* Debug */ = {
			isa = XCBuildConfiguration;
			buildSettings = {
				ASSETCATALOG_COMPILER_APPICON_NAME = AppIcon;
				INFOPLIST_FILE = fotoplace/Info.plist;
				LD_RUNPATH_SEARCH_PATHS = "$(inherited) @executable_path/Frameworks";
				PRODUCT_BUNDLE_IDENTIFIER = com.gazrey.fotoplace;
				PRODUCT_NAME = "$(TARGET_NAME)";
			};
			name = Debug;
		};
		10519C3D1CEEE8AB00E52691 /* Release */ = {
			isa = XCBuildConfiguration;
			buildSettings = {
				ASSETCATALOG_COMPILER_APPICON_NAME = AppIcon;
				INFOPLIST_FILE = fotoplace/Info.plist;
				LD_RUNPATH_SEARCH_PATHS = "$(inherited) @executable_path/Frameworks";
				PRODUCT_BUNDLE_IDENTIFIER = com.gazrey.fotoplace;
				PRODUCT_NAME = "$(TARGET_NAME)";
			};
			name = Release;
		};
/* End XCBuildConfiguration section */

/* Begin XCConfigurationList section */
		10519C1F1CEEE8AA00E52691 /* Build configuration list for PBXProject "fotoplace" */ = {
			isa = XCConfigurationList;
			buildConfigurations = (
				10519C391CEEE8AB00E52691 /* Debug */,
				10519C3A1CEEE8AB00E52691 /* Release */,
			);
			defaultConfigurationIsVisible = 0;
			defaultConfigurationName = Release;
		};
		10519C3B1CEEE8AB00E52691 /* Build configuration list for PBXNativeTarget "fotoplace" */ = {
			isa = XCConfigurationList;
			buildConfigurations = (
				10519C3C1CEEE8AB00E52691 /* Debug */,
				10519C3D1CEEE8AB00E52691 /* Release */,
			);
			defaultConfigurationIsVisible = 0;
		};
/* End XCConfigurationList section */
	};
	rootObject = 10519C1C1CEEE8AA00E52691 /* Project object */;
}
